// !$*UTF8*$!
{
	archiveVersion = 1;
	classes = {
	};
	objectVersion = 50;
	objects = {

/* Begin PBXBuildFile section */
		4220D05A25DF076300E81042 /* Jail+CoreDataProperties.swift in Sources */ = {isa = PBXBuildFile; fileRef = 4220D05925DF076300E81042 /* Jail+CoreDataProperties.swift */; };
		4256142725DDC7E1001E6750 /* AppDelegate.swift in Sources */ = {isa = PBXBuildFile; fileRef = 4256142625DDC7E1001E6750 /* AppDelegate.swift */; };
		4256142925DDC7E1001E6750 /* SceneDelegate.swift in Sources */ = {isa = PBXBuildFile; fileRef = 4256142825DDC7E1001E6750 /* SceneDelegate.swift */; };
		4256142B25DDC7E1001E6750 /* ViewController.swift in Sources */ = {isa = PBXBuildFile; fileRef = 4256142A25DDC7E1001E6750 /* ViewController.swift */; };
		4256142E25DDC7E1001E6750 /* Main.storyboard in Resources */ = {isa = PBXBuildFile; fileRef = 4256142C25DDC7E1001E6750 /* Main.storyboard */; };
		4256143125DDC7E1001E6750 /* TTJ001.xcdatamodeld in Sources */ = {isa = PBXBuildFile; fileRef = 4256142F25DDC7E1001E6750 /* TTJ001.xcdatamodeld */; };
		4256143325DDC7E3001E6750 /* Assets.xcassets in Resources */ = {isa = PBXBuildFile; fileRef = 4256143225DDC7E3001E6750 /* Assets.xcassets */; };
		4256143625DDC7E3001E6750 /* LaunchScreen.storyboard in Resources */ = {isa = PBXBuildFile; fileRef = 4256143425DDC7E3001E6750 /* LaunchScreen.storyboard */; };
		4256144125DDC7E3001E6750 /* TTJ001Tests.swift in Sources */ = {isa = PBXBuildFile; fileRef = 4256144025DDC7E3001E6750 /* TTJ001Tests.swift */; };
		4256144C25DDC7E3001E6750 /* TTJ001UITests.swift in Sources */ = {isa = PBXBuildFile; fileRef = 4256144B25DDC7E3001E6750 /* TTJ001UITests.swift */; };
		4256147925DDCF1B001E6750 /* Jail+CoreDataClass.swift in Sources */ = {isa = PBXBuildFile; fileRef = 4256147725DDCF1B001E6750 /* Jail+CoreDataClass.swift */; };
/* End PBXBuildFile section */

/* Begin PBXContainerItemProxy section */
		4256143D25DDC7E3001E6750 /* PBXContainerItemProxy */ = {
			isa = PBXContainerItemProxy;
			containerPortal = 4256141B25DDC7E1001E6750 /* Project object */;
			proxyType = 1;
			remoteGlobalIDString = 4256142225DDC7E1001E6750;
			remoteInfo = TTJ001;
		};
		4256144825DDC7E3001E6750 /* PBXContainerItemProxy */ = {
			isa = PBXContainerItemProxy;
			containerPortal = 4256141B25DDC7E1001E6750 /* Project object */;
			proxyType = 1;
			remoteGlobalIDString = 4256142225DDC7E1001E6750;
			remoteInfo = TTJ001;
		};
/* End PBXContainerItemProxy section */

/* Begin PBXFileReference section */
		4220D05925DF076300E81042 /* Jail+CoreDataProperties.swift */ = {isa = PBXFileReference; lastKnownFileType = sourcecode.swift; path = "Jail+CoreDataProperties.swift"; sourceTree = "<group>"; };
		4256142325DDC7E1001E6750 /* TTJ001.app */ = {isa = PBXFileReference; explicitFileType = wrapper.application; includeInIndex = 0; path = TTJ001.app; sourceTree = BUILT_PRODUCTS_DIR; };
		4256142625DDC7E1001E6750 /* AppDelegate.swift */ = {isa = PBXFileReference; lastKnownFileType = sourcecode.swift; path = AppDelegate.swift; sourceTree = "<group>"; };
		4256142825DDC7E1001E6750 /* SceneDelegate.swift */ = {isa = PBXFileReference; lastKnownFileType = sourcecode.swift; path = SceneDelegate.swift; sourceTree = "<group>"; };
		4256142A25DDC7E1001E6750 /* ViewController.swift */ = {isa = PBXFileReference; lastKnownFileType = sourcecode.swift; path = ViewController.swift; sourceTree = "<group>"; };
		4256142D25DDC7E1001E6750 /* Base */ = {isa = PBXFileReference; lastKnownFileType = file.storyboard; name = Base; path = Base.lproj/Main.storyboard; sourceTree = "<group>"; };
		4256143025DDC7E1001E6750 /* TTJ001.xcdatamodel */ = {isa = PBXFileReference; lastKnownFileType = wrapper.xcdatamodel; path = TTJ001.xcdatamodel; sourceTree = "<group>"; };
		4256143225DDC7E3001E6750 /* Assets.xcassets */ = {isa = PBXFileReference; lastKnownFileType = folder.assetcatalog; path = Assets.xcassets; sourceTree = "<group>"; };
		4256143525DDC7E3001E6750 /* Base */ = {isa = PBXFileReference; lastKnownFileType = file.storyboard; name = Base; path = Base.lproj/LaunchScreen.storyboard; sourceTree = "<group>"; };
		4256143725DDC7E3001E6750 /* Info.plist */ = {isa = PBXFileReference; lastKnownFileType = text.plist.xml; path = Info.plist; sourceTree = "<group>"; };
		4256143C25DDC7E3001E6750 /* TTJ001Tests.xctest */ = {isa = PBXFileReference; explicitFileType = wrapper.cfbundle; includeInIndex = 0; path = TTJ001Tests.xctest; sourceTree = BUILT_PRODUCTS_DIR; };
		4256144025DDC7E3001E6750 /* TTJ001Tests.swift */ = {isa = PBXFileReference; lastKnownFileType = sourcecode.swift; path = TTJ001Tests.swift; sourceTree = "<group>"; };
		4256144225DDC7E3001E6750 /* Info.plist */ = {isa = PBXFileReference; lastKnownFileType = text.plist.xml; path = Info.plist; sourceTree = "<group>"; };
		4256144725DDC7E3001E6750 /* TTJ001UITests.xctest */ = {isa = PBXFileReference; explicitFileType = wrapper.cfbundle; includeInIndex = 0; path = TTJ001UITests.xctest; sourceTree = BUILT_PRODUCTS_DIR; };
		4256144B25DDC7E3001E6750 /* TTJ001UITests.swift */ = {isa = PBXFileReference; lastKnownFileType = sourcecode.swift; path = TTJ001UITests.swift; sourceTree = "<group>"; };
		4256144D25DDC7E3001E6750 /* Info.plist */ = {isa = PBXFileReference; lastKnownFileType = text.plist.xml; path = Info.plist; sourceTree = "<group>"; };
		4256147725DDCF1B001E6750 /* Jail+CoreDataClass.swift */ = {isa = PBXFileReference; lastKnownFileType = sourcecode.swift; name = "Jail+CoreDataClass.swift"; path = "../../Jail+CoreDataClass.swift"; sourceTree = "<group>"; };
/* End PBXFileReference section */

/* Begin PBXFrameworksBuildPhase section */
		4256142025DDC7E1001E6750 /* Frameworks */ = {
			isa = PBXFrameworksBuildPhase;
			buildActionMask = 2147483647;
			files = (
			);
			runOnlyForDeploymentPostprocessing = 0;
		};
		4256143925DDC7E3001E6750 /* Frameworks */ = {
			isa = PBXFrameworksBuildPhase;
			buildActionMask = 2147483647;
			files = (
			);
			runOnlyForDeploymentPostprocessing = 0;
		};
		4256144425DDC7E3001E6750 /* Frameworks */ = {
			isa = PBXFrameworksBuildPhase;
			buildActionMask = 2147483647;
			files = (
			);
			runOnlyForDeploymentPostprocessing = 0;
		};
/* End PBXFrameworksBuildPhase section */

/* Begin PBXGroup section */
		4256141A25DDC7E1001E6750 = {
			isa = PBXGroup;
			children = (
				4256142525DDC7E1001E6750 /* TTJ001 */,
				4256143F25DDC7E3001E6750 /* TTJ001Tests */,
				4256144A25DDC7E3001E6750 /* TTJ001UITests */,
				4256142425DDC7E1001E6750 /* Products */,
			);
			sourceTree = "<group>";
		};
		4256142425DDC7E1001E6750 /* Products */ = {
			isa = PBXGroup;
			children = (
				4256142325DDC7E1001E6750 /* TTJ001.app */,
				4256143C25DDC7E3001E6750 /* TTJ001Tests.xctest */,
				4256144725DDC7E3001E6750 /* TTJ001UITests.xctest */,
			);
			name = Products;
			sourceTree = "<group>";
		};
		4256142525DDC7E1001E6750 /* TTJ001 */ = {
			isa = PBXGroup;
			children = (
				4256146325DDCC74001E6750 /* Model */,
				4256142625DDC7E1001E6750 /* AppDelegate.swift */,
				4256142825DDC7E1001E6750 /* SceneDelegate.swift */,
				4256142A25DDC7E1001E6750 /* ViewController.swift */,
				4256142C25DDC7E1001E6750 /* Main.storyboard */,
				4256143225DDC7E3001E6750 /* Assets.xcassets */,
				4256143425DDC7E3001E6750 /* LaunchScreen.storyboard */,
				4256143725DDC7E3001E6750 /* Info.plist */,
				4256142F25DDC7E1001E6750 /* TTJ001.xcdatamodeld */,
			);
			path = TTJ001;
			sourceTree = "<group>";
		};
		4256143F25DDC7E3001E6750 /* TTJ001Tests */ = {
			isa = PBXGroup;
			children = (
				4256144025DDC7E3001E6750 /* TTJ001Tests.swift */,
				4256144225DDC7E3001E6750 /* Info.plist */,
			);
			path = TTJ001Tests;
			sourceTree = "<group>";
		};
		4256144A25DDC7E3001E6750 /* TTJ001UITests */ = {
			isa = PBXGroup;
			children = (
				4256144B25DDC7E3001E6750 /* TTJ001UITests.swift */,
				4256144D25DDC7E3001E6750 /* Info.plist */,
			);
			path = TTJ001UITests;
			sourceTree = "<group>";
		};
		4256146325DDCC74001E6750 /* Model */ = {
			isa = PBXGroup;
			children = (
				4220D05925DF076300E81042 /* Jail+CoreDataProperties.swift */,
				4256147725DDCF1B001E6750 /* Jail+CoreDataClass.swift */,
			);
			path = Model;
			sourceTree = "<group>";
		};
/* End PBXGroup section */

/* Begin PBXNativeTarget section */
		4256142225DDC7E1001E6750 /* TTJ001 */ = {
			isa = PBXNativeTarget;
			buildConfigurationList = 4256145025DDC7E3001E6750 /* Build configuration list for PBXNativeTarget "TTJ001" */;
			buildPhases = (
				4256141F25DDC7E1001E6750 /* Sources */,
				4256142025DDC7E1001E6750 /* Frameworks */,
				4256142125DDC7E1001E6750 /* Resources */,
			);
			buildRules = (
			);
			dependencies = (
			);
			name = TTJ001;
			productName = TTJ001;
			productReference = 4256142325DDC7E1001E6750 /* TTJ001.app */;
			productType = "com.apple.product-type.application";
		};
		4256143B25DDC7E3001E6750 /* TTJ001Tests */ = {
			isa = PBXNativeTarget;
			buildConfigurationList = 4256145325DDC7E3001E6750 /* Build configuration list for PBXNativeTarget "TTJ001Tests" */;
			buildPhases = (
				4256143825DDC7E3001E6750 /* Sources */,
				4256143925DDC7E3001E6750 /* Frameworks */,
				4256143A25DDC7E3001E6750 /* Resources */,
			);
			buildRules = (
			);
			dependencies = (
				4256143E25DDC7E3001E6750 /* PBXTargetDependency */,
			);
			name = TTJ001Tests;
			productName = TTJ001Tests;
			productReference = 4256143C25DDC7E3001E6750 /* TTJ001Tests.xctest */;
			productType = "com.apple.product-type.bundle.unit-test";
		};
		4256144625DDC7E3001E6750 /* TTJ001UITests */ = {
			isa = PBXNativeTarget;
			buildConfigurationList = 4256145625DDC7E3001E6750 /* Build configuration list for PBXNativeTarget "TTJ001UITests" */;
			buildPhases = (
				4256144325DDC7E3001E6750 /* Sources */,
				4256144425DDC7E3001E6750 /* Frameworks */,
				4256144525DDC7E3001E6750 /* Resources */,
			);
			buildRules = (
			);
			dependencies = (
				4256144925DDC7E3001E6750 /* PBXTargetDependency */,
			);
			name = TTJ001UITests;
			productName = TTJ001UITests;
			productReference = 4256144725DDC7E3001E6750 /* TTJ001UITests.xctest */;
			productType = "com.apple.product-type.bundle.ui-testing";
		};
/* End PBXNativeTarget section */

/* Begin PBXProject section */
		4256141B25DDC7E1001E6750 /* Project object */ = {
			isa = PBXProject;
			attributes = {
				LastSwiftUpdateCheck = 1240;
				LastUpgradeCheck = 1240;
				TargetAttributes = {
					4256142225DDC7E1001E6750 = {
						CreatedOnToolsVersion = 12.4;
					};
					4256143B25DDC7E3001E6750 = {
						CreatedOnToolsVersion = 12.4;
						TestTargetID = 4256142225DDC7E1001E6750;
					};
					4256144625DDC7E3001E6750 = {
						CreatedOnToolsVersion = 12.4;
						TestTargetID = 4256142225DDC7E1001E6750;
					};
				};
			};
			buildConfigurationList = 4256141E25DDC7E1001E6750 /* Build configuration list for PBXProject "TTJ001" */;
			compatibilityVersion = "Xcode 9.3";
			developmentRegion = en;
			hasScannedForEncodings = 0;
			knownRegions = (
				en,
				Base,
			);
			mainGroup = 4256141A25DDC7E1001E6750;
			productRefGroup = 4256142425DDC7E1001E6750 /* Products */;
			projectDirPath = "";
			projectRoot = "";
			targets = (
				4256142225DDC7E1001E6750 /* TTJ001 */,
				4256143B25DDC7E3001E6750 /* TTJ001Tests */,
				4256144625DDC7E3001E6750 /* TTJ001UITests */,
			);
		};
/* End PBXProject section */

/* Begin PBXResourcesBuildPhase section */
		4256142125DDC7E1001E6750 /* Resources */ = {
			isa = PBXResourcesBuildPhase;
			buildActionMask = 2147483647;
			files = (
				4256143625DDC7E3001E6750 /* LaunchScreen.storyboard in Resources */,
				4256143325DDC7E3001E6750 /* Assets.xcassets in Resources */,
				4256142E25DDC7E1001E6750 /* Main.storyboard in Resources */,
			);
			runOnlyForDeploymentPostprocessing = 0;
		};
		4256143A25DDC7E3001E6750 /* Resources */ = {
			isa = PBXResourcesBuildPhase;
			buildActionMask = 2147483647;
			files = (
			);
			runOnlyForDeploymentPostprocessing = 0;
		};
		4256144525DDC7E3001E6750 /* Resources */ = {
			isa = PBXResourcesBuildPhase;
			buildActionMask = 2147483647;
			files = (
			);
			runOnlyForDeploymentPostprocessing = 0;
		};
/* End PBXResourcesBuildPhase section */

/* Begin PBXSourcesBuildPhase section */
		4256141F25DDC7E1001E6750 /* Sources */ = {
			isa = PBXSourcesBuildPhase;
			buildActionMask = 2147483647;
			files = (
				4256147925DDCF1B001E6750 /* Jail+CoreDataClass.swift in Sources */,
				4220D05A25DF076300E81042 /* Jail+CoreDataProperties.swift in Sources */,
				4256142B25DDC7E1001E6750 /* ViewController.swift in Sources */,
				4256142725DDC7E1001E6750 /* AppDelegate.swift in Sources */,
				4256143125DDC7E1001E6750 /* TTJ001.xcdatamodeld in Sources */,
				4256142925DDC7E1001E6750 /* SceneDelegate.swift in Sources */,
			);
			runOnlyForDeploymentPostprocessing = 0;
		};
		4256143825DDC7E3001E6750 /* Sources */ = {
			isa = PBXSourcesBuildPhase;
			buildActionMask = 2147483647;
			files = (
				4256144125DDC7E3001E6750 /* TTJ001Tests.swift in Sources */,
			);
			runOnlyForDeploymentPostprocessing = 0;
		};
		4256144325DDC7E3001E6750 /* Sources */ = {
			isa = PBXSourcesBuildPhase;
			buildActionMask = 2147483647;
			files = (
				4256144C25DDC7E3001E6750 /* TTJ001UITests.swift in Sources */,
			);
			runOnlyForDeploymentPostprocessing = 0;
		};
/* End PBXSourcesBuildPhase section */

/* Begin PBXTargetDependency section */
		4256143E25DDC7E3001E6750 /* PBXTargetDependency */ = {
			isa = PBXTargetDependency;
			target = 4256142225DDC7E1001E6750 /* TTJ001 */;
			targetProxy = 4256143D25DDC7E3001E6750 /* PBXContainerItemProxy */;
		};
		4256144925DDC7E3001E6750 /* PBXTargetDependency */ = {
			isa = PBXTargetDependency;
			target = 4256142225DDC7E1001E6750 /* TTJ001 */;
			targetProxy = 4256144825DDC7E3001E6750 /* PBXContainerItemProxy */;
		};
/* End PBXTargetDependency section */

/* Begin PBXVariantGroup section */
		4256142C25DDC7E1001E6750 /* Main.storyboard */ = {
			isa = PBXVariantGroup;
			children = (
				4256142D25DDC7E1001E6750 /* Base */,
			);
			name = Main.storyboard;
			sourceTree = "<group>";
		};
		4256143425DDC7E3001E6750 /* LaunchScreen.storyboard */ = {
			isa = PBXVariantGroup;
			children = (
				4256143525DDC7E3001E6750 /* Base */,
			);
			name = LaunchScreen.storyboard;
			sourceTree = "<group>";
		};
/* End PBXVariantGroup section */

/* Begin XCBuildConfiguration section */
		4256144E25DDC7E3001E6750 /* Debug */ = {
			isa = XCBuildConfiguration;
			buildSettings = {
				ALWAYS_SEARCH_USER_PATHS = NO;
				CLANG_ANALYZER_NONNULL = YES;
				CLANG_ANALYZER_NUMBER_OBJECT_CONVERSION = YES_AGGRESSIVE;
				CLANG_CXX_LANGUAGE_STANDARD = "gnu++14";
				CLANG_CXX_LIBRARY = "libc++";
				CLANG_ENABLE_MODULES = YES;
				CLANG_ENABLE_OBJC_ARC = YES;
				CLANG_ENABLE_OBJC_WEAK = YES;
				CLANG_WARN_BLOCK_CAPTURE_AUTORELEASING = YES;
				CLANG_WARN_BOOL_CONVERSION = YES;
				CLANG_WARN_COMMA = YES;
				CLANG_WARN_CONSTANT_CONVERSION = YES;
				CLANG_WARN_DEPRECATED_OBJC_IMPLEMENTATIONS = YES;
				CLANG_WARN_DIRECT_OBJC_ISA_USAGE = YES_ERROR;
				CLANG_WARN_DOCUMENTATION_COMMENTS = YES;
				CLANG_WARN_EMPTY_BODY = YES;
				CLANG_WARN_ENUM_CONVERSION = YES;
				CLANG_WARN_INFINITE_RECURSION = YES;
				CLANG_WARN_INT_CONVERSION = YES;
				CLANG_WARN_NON_LITERAL_NULL_CONVERSION = YES;
				CLANG_WARN_OBJC_IMPLICIT_RETAIN_SELF = YES;
				CLANG_WARN_OBJC_LITERAL_CONVERSION = YES;
				CLANG_WARN_OBJC_ROOT_CLASS = YES_ERROR;
				CLANG_WARN_QUOTED_INCLUDE_IN_FRAMEWORK_HEADER = YES;
				CLANG_WARN_RANGE_LOOP_ANALYSIS = YES;
				CLANG_WARN_STRICT_PROTOTYPES = YES;
				CLANG_WARN_SUSPICIOUS_MOVE = YES;
				CLANG_WARN_UNGUARDED_AVAILABILITY = YES_AGGRESSIVE;
				CLANG_WARN_UNREACHABLE_CODE = YES;
				CLANG_WARN__DUPLICATE_METHOD_MATCH = YES;
				COPY_PHASE_STRIP = NO;
				DEBUG_INFORMATION_FORMAT = dwarf;
				ENABLE_STRICT_OBJC_MSGSEND = YES;
				ENABLE_TESTABILITY = YES;
				GCC_C_LANGUAGE_STANDARD = gnu11;
				GCC_DYNAMIC_NO_PIC = NO;
				GCC_NO_COMMON_BLOCKS = YES;
				GCC_OPTIMIZATION_LEVEL = 0;
				GCC_PREPROCESSOR_DEFINITIONS = (
					"DEBUG=1",
					"$(inherited)",
				);
				GCC_WARN_64_TO_32_BIT_CONVERSION = YES;
				GCC_WARN_ABOUT_RETURN_TYPE = YES_ERROR;
				GCC_WARN_UNDECLARED_SELECTOR = YES;
				GCC_WARN_UNINITIALIZED_AUTOS = YES_AGGRESSIVE;
				GCC_WARN_UNUSED_FUNCTION = YES;
				GCC_WARN_UNUSED_VARIABLE = YES;
				IPHONEOS_DEPLOYMENT_TARGET = 14.4;
				MTL_ENABLE_DEBUG_INFO = INCLUDE_SOURCE;
				MTL_FAST_MATH = YES;
				ONLY_ACTIVE_ARCH = YES;
				SDKROOT = iphoneos;
				SWIFT_ACTIVE_COMPILATION_CONDITIONS = DEBUG;
				SWIFT_OPTIMIZATION_LEVEL = "-Onone";
			};
			name = Debug;
		};
		4256144F25DDC7E3001E6750 /* Release */ = {
			isa = XCBuildConfiguration;
			buildSettings = {
				ALWAYS_SEARCH_USER_PATHS = NO;
				CLANG_ANALYZER_NONNULL = YES;
				CLANG_ANALYZER_NUMBER_OBJECT_CONVERSION = YES_AGGRESSIVE;
				CLANG_CXX_LANGUAGE_STANDARD = "gnu++14";
				CLANG_CXX_LIBRARY = "libc++";
				CLANG_ENABLE_MODULES = YES;
				CLANG_ENABLE_OBJC_ARC = YES;
				CLANG_ENABLE_OBJC_WEAK = YES;
				CLANG_WARN_BLOCK_CAPTURE_AUTORELEASING = YES;
				CLANG_WARN_BOOL_CONVERSION = YES;
				CLANG_WARN_COMMA = YES;
				CLANG_WARN_CONSTANT_CONVERSION = YES;
				CLANG_WARN_DEPRECATED_OBJC_IMPLEMENTATIONS = YES;
				CLANG_WARN_DIRECT_OBJC_ISA_USAGE = YES_ERROR;
				CLANG_WARN_DOCUMENTATION_COMMENTS = YES;
				CLANG_WARN_EMPTY_BODY = YES;
				CLANG_WARN_ENUM_CONVERSION = YES;
				CLANG_WARN_INFINITE_RECURSION = YES;
				CLANG_WARN_INT_CONVERSION = YES;
				CLANG_WARN_NON_LITERAL_NULL_CONVERSION = YES;
				CLANG_WARN_OBJC_IMPLICIT_RETAIN_SELF = YES;
				CLANG_WARN_OBJC_LITERAL_CONVERSION = YES;
				CLANG_WARN_OBJC_ROOT_CLASS = YES_ERROR;
				CLANG_WARN_QUOTED_INCLUDE_IN_FRAMEWORK_HEADER = YES;
				CLANG_WARN_RANGE_LOOP_ANALYSIS = YES;
				CLANG_WARN_STRICT_PROTOTYPES = YES;
				CLANG_WARN_SUSPICIOUS_MOVE = YES;
				CLANG_WARN_UNGUARDED_AVAILABILITY = YES_AGGRESSIVE;
				CLANG_WARN_UNREACHABLE_CODE = YES;
				CLANG_WARN__DUPLICATE_METHOD_MATCH = YES;
				COPY_PHASE_STRIP = NO;
				DEBUG_INFORMATION_FORMAT = "dwarf-with-dsym";
				ENABLE_NS_ASSERTIONS = NO;
				ENABLE_STRICT_OBJC_MSGSEND = YES;
				GCC_C_LANGUAGE_STANDARD = gnu11;
				GCC_NO_COMMON_BLOCKS = YES;
				GCC_WARN_64_TO_32_BIT_CONVERSION = YES;
				GCC_WARN_ABOUT_RETURN_TYPE = YES_ERROR;
				GCC_WARN_UNDECLARED_SELECTOR = YES;
				GCC_WARN_UNINITIALIZED_AUTOS = YES_AGGRESSIVE;
				GCC_WARN_UNUSED_FUNCTION = YES;
				GCC_WARN_UNUSED_VARIABLE = YES;
				IPHONEOS_DEPLOYMENT_TARGET = 14.4;
				MTL_ENABLE_DEBUG_INFO = NO;
				MTL_FAST_MATH = YES;
				SDKROOT = iphoneos;
				SWIFT_COMPILATION_MODE = wholemodule;
				SWIFT_OPTIMIZATION_LEVEL = "-O";
				VALIDATE_PRODUCT = YES;
			};
			name = Release;
		};
		4256145125DDC7E3001E6750 /* Debug */ = {
			isa = XCBuildConfiguration;
			buildSettings = {
				ASSETCATALOG_COMPILER_APPICON_NAME = AppIcon;
				ASSETCATALOG_COMPILER_GLOBAL_ACCENT_COLOR_NAME = AccentColor;
				CODE_SIGN_STYLE = Automatic;
				DEVELOPMENT_TEAM = L5BL46BR8X;
				INFOPLIST_FILE = TTJ001/Info.plist;
				LD_RUNPATH_SEARCH_PATHS = (
					"$(inherited)",
					"@executable_path/Frameworks",
				);
				PRODUCT_BUNDLE_IDENTIFIER = com.Hermes.TTJ001;
				PRODUCT_NAME = "$(TARGET_NAME)";
				SWIFT_VERSION = 5.0;
				TARGETED_DEVICE_FAMILY = "1,2";
			};
			name = Debug;
		};
		4256145225DDC7E3001E6750 /* Release */ = {
			isa = XCBuildConfiguration;
			buildSettings = {
				ASSETCATALOG_COMPILER_APPICON_NAME = AppIcon;
				ASSETCATALOG_COMPILER_GLOBAL_ACCENT_COLOR_NAME = AccentColor;
				CODE_SIGN_STYLE = Automatic;
				DEVELOPMENT_TEAM = L5BL46BR8X;
				INFOPLIST_FILE = TTJ001/Info.plist;
				LD_RUNPATH_SEARCH_PATHS = (
					"$(inherited)",
					"@executable_path/Frameworks",
				);
				PRODUCT_BUNDLE_IDENTIFIER = com.Hermes.TTJ001;
				PRODUCT_NAME = "$(TARGET_NAME)";
				SWIFT_VERSION = 5.0;
				TARGETED_DEVICE_FAMILY = "1,2";
			};
			name = Release;
		};
		4256145425DDC7E3001E6750 /* Debug */ = {
			isa = XCBuildConfiguration;
			buildSettings = {
				ALWAYS_EMBED_SWIFT_STANDARD_LIBRARIES = YES;
				BUNDLE_LOADER = "$(TEST_HOST)";
				CODE_SIGN_STYLE = Automatic;
				DEVELOPMENT_TEAM = L5BL46BR8X;
				INFOPLIST_FILE = TTJ001Tests/Info.plist;
				IPHONEOS_DEPLOYMENT_TARGET = 14.4;
				LD_RUNPATH_SEARCH_PATHS = (
					"$(inherited)",
					"@executable_path/Frameworks",
					"@loader_path/Frameworks",
				);
				PRODUCT_BUNDLE_IDENTIFIER = com.Hermes.TTJ001Tests;
				PRODUCT_NAME = "$(TARGET_NAME)";
				SWIFT_VERSION = 5.0;
				TARGETED_DEVICE_FAMILY = "1,2";
				TEST_HOST = "$(BUILT_PRODUCTS_DIR)/TTJ001.app/TTJ001";
			};
			name = Debug;
		};
		4256145525DDC7E3001E6750 /* Release */ = {
			isa = XCBuildConfiguration;
			buildSettings = {
				ALWAYS_EMBED_SWIFT_STANDARD_LIBRARIES = YES;
				BUNDLE_LOADER = "$(TEST_HOST)";
				CODE_SIGN_STYLE = Automatic;
				DEVELOPMENT_TEAM = L5BL46BR8X;
				INFOPLIST_FILE = TTJ001Tests/Info.plist;
				IPHONEOS_DEPLOYMENT_TARGET = 14.4;
				LD_RUNPATH_SEARCH_PATHS = (
					"$(inherited)",
					"@executable_path/Frameworks",
					"@loader_path/Frameworks",
				);
				PRODUCT_BUNDLE_IDENTIFIER = com.Hermes.TTJ001Tests;
				PRODUCT_NAME = "$(TARGET_NAME)";
				SWIFT_VERSION = 5.0;
				TARGETED_DEVICE_FAMILY = "1,2";
				TEST_HOST = "$(BUILT_PRODUCTS_DIR)/TTJ001.app/TTJ001";
			};
			name = Release;
		};
		4256145725DDC7E3001E6750 /* Debug */ = {
			isa = XCBuildConfiguration;
			buildSettings = {
				ALWAYS_EMBED_SWIFT_STANDARD_LIBRARIES = YES;
				CODE_SIGN_STYLE = Automatic;
				DEVELOPMENT_TEAM = L5BL46BR8X;
				INFOPLIST_FILE = TTJ001UITests/Info.plist;
				LD_RUNPATH_SEARCH_PATHS = (
					"$(inherited)",
					"@executable_path/Frameworks",
					"@loader_path/Frameworks",
				);
				PRODUCT_BUNDLE_IDENTIFIER = com.Hermes.TTJ001UITests;
				PRODUCT_NAME = "$(TARGET_NAME)";
				SWIFT_VERSION = 5.0;
				TARGETED_DEVICE_FAMILY = "1,2";
				TEST_TARGET_NAME = TTJ001;
			};
			name = Debug;
		};
		4256145825DDC7E3001E6750 /* Release */ = {
			isa = XCBuildConfiguration;
			buildSettings = {
				ALWAYS_EMBED_SWIFT_STANDARD_LIBRARIES = YES;
				CODE_SIGN_STYLE = Automatic;
				DEVELOPMENT_TEAM = L5BL46BR8X;
				INFOPLIST_FILE = TTJ001UITests/Info.plist;
				LD_RUNPATH_SEARCH_PATHS = (
					"$(inherited)",
					"@executable_path/Frameworks",
					"@loader_path/Frameworks",
				);
				PRODUCT_BUNDLE_IDENTIFIER = com.Hermes.TTJ001UITests;
				PRODUCT_NAME = "$(TARGET_NAME)";
				SWIFT_VERSION = 5.0;
				TARGETED_DEVICE_FAMILY = "1,2";
				TEST_TARGET_NAME = TTJ001;
			};
			name = Release;
		};
/* End XCBuildConfiguration section */

/* Begin XCConfigurationList section */
		4256141E25DDC7E1001E6750 /* Build configuration list for PBXProject "TTJ001" */ = {
			isa = XCConfigurationList;
			buildConfigurations = (
				4256144E25DDC7E3001E6750 /* Debug */,
				4256144F25DDC7E3001E6750 /* Release */,
			);
			defaultConfigurationIsVisible = 0;
			defaultConfigurationName = Release;
		};
		4256145025DDC7E3001E6750 /* Build configuration list for PBXNativeTarget "TTJ001" */ = {
			isa = XCConfigurationList;
			buildConfigurations = (
				4256145125DDC7E3001E6750 /* Debug */,
				4256145225DDC7E3001E6750 /* Release */,
			);
			defaultConfigurationIsVisible = 0;
			defaultConfigurationName = Release;
		};
		4256145325DDC7E3001E6750 /* Build configuration list for PBXNativeTarget "TTJ001Tests" */ = {
			isa = XCConfigurationList;
			buildConfigurations = (
				4256145425DDC7E3001E6750 /* Debug */,
				4256145525DDC7E3001E6750 /* Release */,
			);
			defaultConfigurationIsVisible = 0;
			defaultConfigurationName = Release;
		};
		4256145625DDC7E3001E6750 /* Build configuration list for PBXNativeTarget "TTJ001UITests" */ = {
			isa = XCConfigurationList;
			buildConfigurations = (
				4256145725DDC7E3001E6750 /* Debug */,
				4256145825DDC7E3001E6750 /* Release */,
			);
			defaultConfigurationIsVisible = 0;
			defaultConfigurationName = Release;
		};
/* End XCConfigurationList section */

/* Begin XCVersionGroup section */
		4256142F25DDC7E1001E6750 /* TTJ001.xcdatamodeld */ = {
			isa = XCVersionGroup;
			children = (
				4256143025DDC7E1001E6750 /* TTJ001.xcdatamodel */,
			);
			currentVersion = 4256143025DDC7E1001E6750 /* TTJ001.xcdatamodel */;
			path = TTJ001.xcdatamodeld;
			sourceTree = "<group>";
			versionGroupType = wrapper.xcdatamodel;
		};
/* End XCVersionGroup section */
	};
	rootObject = 4256141B25DDC7E1001E6750 /* Project object */;
}
